
Microsoft Visual Studio Solution File, Format Version 12.00
# Visual Studio Version 16
VisualStudioVersion = 16.0.32106.194
MinimumVisualStudioVersion = 10.0.40219.1
Project("{FAE04EC0-301F-11D3-BF4B-00C04F79EFBC}") = "PomodoroApp", "PomodoroApp.csproj", "{EEE45037-1F81-419C-B3F9-0115AEED06F4}"
EndProject
Global
	GlobalSection(SolutionConfigurationPlatforms) = preSolution
		Debug|Any CPU = Debug|Any CPU
		Release|Any CPU = Release|Any CPU
	EndGlobalSection
	GlobalSection(ProjectConfigurationPlatforms) = postSolution
		{EEE45037-1F81-419C-B3F9-0115AEED06F4}.Debug|Any CPU.ActiveCfg = Debug|Any CPU
		{EEE45037-1F81-419C-B3F9-0115AEED06F4}.Debug|Any CPU.Build.0 = Debug|Any CPU
		{EEE45037-1F81-419C-B3F9-0115AEED06F4}.Release|Any CPU.ActiveCfg = Release|Any CPU
		{EEE45037-1F81-419C-B3F9-0115AEED06F4}.Release|Any CPU.Build.0 = Release|Any CPU
	EndGlobalSection
	GlobalSection(SolutionProperties) = preSolution
		HideSolutionNode = FALSE
	EndGlobalSection
	GlobalSection(ExtensibilityGlobals) = postSolution
		SolutionGuid = {10D13C96-85AC-43A1-A234-F84180BFD7DA}
	EndGlobalSection
EndGlobal
